# This file is generated by running "yarn install" inside your project.
# Manual changes might be lost - proceed with caution!

__metadata:
  version: 8
  cacheKey: 10c0

"@borewit/text-codec@npm:^0.1.0":
  version: 0.1.1
  resolution: "@borewit/text-codec@npm:0.1.1"
  checksum: 10c0/c92606b355111053f9db47d485c8679cc09a5be0eb2738aad5b922d3744465f2fce47144ffb27d5106fa431d1d2e5a2e0140d0a22351dccf49693098702c0274
  languageName: node
  linkType: hard

"@borewit/text-codec@npm:^0.2.0":
  version: 0.2.0
  resolution: "@borewit/text-codec@npm:0.2.0"
  checksum: 10c0/831a96fcd15eb9f8f5390f95a1dccb1c28e2aea7b5cbf17ac8606091d6934bb10a560daa13bca4572cb0a09e19cfefd9e12ca7a29d95d5a330b3f5b9e1dbb005
  languageName: node
  linkType: hard

"@cacheable/memoize@npm:^2.0.1, @cacheable/memoize@npm:^2.0.2":
  version: 2.0.2
  resolution: "@cacheable/memoize@npm:2.0.2"
  dependencies:
    "@cacheable/utils": "npm:^2.0.2"
  checksum: 10c0/a46a1d2578415580c7e620640fdbbb579e205b5923f16128e33a41a5e0639f6da05e32a2f67036ffa1048329e8654bd0abec722691fb272d29eca72a1955b8db
  languageName: node
  linkType: hard

"@cacheable/memory@npm:^2.0.2":
  version: 2.0.2
  resolution: "@cacheable/memory@npm:2.0.2"
  dependencies:
    "@cacheable/memoize": "npm:^2.0.1"
    "@cacheable/utils": "npm:^2.0.2"
    "@keyv/bigmap": "npm:^1.0.2"
    hookified: "npm:^1.12.1"
    keyv: "npm:^5.5.2"
  checksum: 10c0/8881b68d6e8d6df09f23f0024ba03d64c61a00a48ebf694b67fef667baeee2b9b62b0341ca21301c56aea78b3fd99e060229940789257ee78639410f0c40c123
  languageName: node
  linkType: hard

"@cacheable/node-cache@npm:^1.4.0":
  version: 1.7.2
  resolution: "@cacheable/node-cache@npm:1.7.2"
  dependencies:
    cacheable: "npm:^2.0.2"
    hookified: "npm:^1.12.0"
    keyv: "npm:^5.5.2"
  checksum: 10c0/3e8c5baa00289270bae30e11ac1c4e2ca8333b06416a3fa239d0970ad8784935be6dcf22fa788b87226ef0ad9cab3b6f0df414e3bd1542b0ac8af7da01753e54
  languageName: node
  linkType: hard

"@cacheable/utils@npm:^2.0.2":
  version: 2.0.2
  resolution: "@cacheable/utils@npm:2.0.2"
  checksum: 10c0/0388a852a0f66814786e9474970dd252bfd5979a99208023c3a9404e68475c0ae8f99233e913ea7f600f09412309ff820a841c3687b1d886db730bd0c8c75438
  languageName: node
  linkType: hard

"@hapi/boom@npm:^9.1.3":
  version: 9.1.4
  resolution: "@hapi/boom@npm:9.1.4"
  dependencies:
    "@hapi/hoek": "npm:9.x.x"
  checksum: 10c0/49bb99443e7bdbbdc87ee8de97cd64351e173b57d7c59061c69972d2de77fb98f2f440c1be42b37e1ac04f57c60fbb79f8fd3e9e5695360add560c37e2d584db
  languageName: node
  linkType: hard

"@hapi/hoek@npm:9.x.x":
  version: 9.3.0
  resolution: "@hapi/hoek@npm:9.3.0"
  checksum: 10c0/a096063805051fb8bba4c947e293c664b05a32b47e13bc654c0dd43813a1cec993bdd8f29ceb838020299e1d0f89f68dc0d62a603c13c9cc8541963f0beca055
  languageName: node
  linkType: hard

"@keyv/bigmap@npm:^1.0.2":
  version: 1.0.2
  resolution: "@keyv/bigmap@npm:1.0.2"
  dependencies:
    hookified: "npm:^1.12.1"
  checksum: 10c0/1fe415265241b015c19891dc6c1909b41a5a033e57339b40f85af27355d2f52b52df01795a3f7ba37d3ec2b67e147c05914965775254ff8dbd1701adab45208a
  languageName: node
  linkType: hard

"@keyv/serialize@npm:^1.1.1":
  version: 1.1.1
  resolution: "@keyv/serialize@npm:1.1.1"
  checksum: 10c0/b0008cae4a54400c3abf587b8cc2474c6f528ee58969ce6cf9cb07a04006f80c73c85971d6be6544408318a2bc40108236a19a82aea0a6de95aae49533317374
  languageName: node
  linkType: hard

"@protobufjs/aspromise@npm:^1.1.1, @protobufjs/aspromise@npm:^1.1.2":
  version: 1.1.2
  resolution: "@protobufjs/aspromise@npm:1.1.2"
  checksum: 10c0/a83343a468ff5b5ec6bff36fd788a64c839e48a07ff9f4f813564f58caf44d011cd6504ed2147bf34835bd7a7dd2107052af755961c6b098fd8902b4f6500d0f
  languageName: node
  linkType: hard

"@protobufjs/base64@npm:^1.1.2":
  version: 1.1.2
  resolution: "@protobufjs/base64@npm:1.1.2"
  checksum: 10c0/eec925e681081af190b8ee231f9bad3101e189abbc182ff279da6b531e7dbd2a56f1f306f37a80b1be9e00aa2d271690d08dcc5f326f71c9eed8546675c8caf6
  languageName: node
  linkType: hard

"@protobufjs/codegen@npm:^2.0.4":
  version: 2.0.4
  resolution: "@protobufjs/codegen@npm:2.0.4"
  checksum: 10c0/26ae337c5659e41f091606d16465bbcc1df1f37cc1ed462438b1f67be0c1e28dfb2ca9f294f39100c52161aef82edf758c95d6d75650a1ddf31f7ddee1440b43
  languageName: node
  linkType: hard

"@protobufjs/eventemitter@npm:^1.1.0":
  version: 1.1.0
  resolution: "@protobufjs/eventemitter@npm:1.1.0"
  checksum: 10c0/1eb0a75180e5206d1033e4138212a8c7089a3d418c6dfa5a6ce42e593a4ae2e5892c4ef7421f38092badba4040ea6a45f0928869989411001d8c1018ea9a6e70
  languageName: node
  linkType: hard

"@protobufjs/fetch@npm:^1.1.0":
  version: 1.1.0
  resolution: "@protobufjs/fetch@npm:1.1.0"
  dependencies:
    "@protobufjs/aspromise": "npm:^1.1.1"
    "@protobufjs/inquire": "npm:^1.1.0"
  checksum: 10c0/cda6a3dc2d50a182c5865b160f72077aac197046600091dbb005dd0a66db9cce3c5eaed6d470ac8ed49d7bcbeef6ee5f0bc288db5ff9a70cbd003e5909065233
  languageName: node
  linkType: hard

"@protobufjs/float@npm:^1.0.2":
  version: 1.0.2
  resolution: "@protobufjs/float@npm:1.0.2"
  checksum: 10c0/18f2bdede76ffcf0170708af15c9c9db6259b771e6b84c51b06df34a9c339dbbeec267d14ce0bddd20acc142b1d980d983d31434398df7f98eb0c94a0eb79069
  languageName: node
  linkType: hard

"@protobufjs/inquire@npm:^1.1.0":
  version: 1.1.0
  resolution: "@protobufjs/inquire@npm:1.1.0"
  checksum: 10c0/64372482efcba1fb4d166a2664a6395fa978b557803857c9c03500e0ac1013eb4b1aacc9ed851dd5fc22f81583670b4f4431bae186f3373fedcfde863ef5921a
  languageName: node
  linkType: hard

"@protobufjs/path@npm:^1.1.2":
  version: 1.1.2
  resolution: "@protobufjs/path@npm:1.1.2"
  checksum: 10c0/cece0a938e7f5dfd2fa03f8c14f2f1cf8b0d6e13ac7326ff4c96ea311effd5fb7ae0bba754fbf505312af2e38500250c90e68506b97c02360a43793d88a0d8b4
  languageName: node
  linkType: hard

"@protobufjs/pool@npm:^1.1.0":
  version: 1.1.0
  resolution: "@protobufjs/pool@npm:1.1.0"
  checksum: 10c0/eda2718b7f222ac6e6ad36f758a92ef90d26526026a19f4f17f668f45e0306a5bd734def3f48f51f8134ae0978b6262a5c517c08b115a551756d1a3aadfcf038
  languageName: node
  linkType: hard

"@protobufjs/utf8@npm:^1.1.0":
  version: 1.1.0
  resolution: "@protobufjs/utf8@npm:1.1.0"
  checksum: 10c0/a3fe31fe3fa29aa3349e2e04ee13dc170cc6af7c23d92ad49e3eeaf79b9766264544d3da824dba93b7855bd6a2982fb40032ef40693da98a136d835752beb487
  languageName: node
  linkType: hard

"@tokenizer/inflate@npm:^0.2.7":
  version: 0.2.7
  resolution: "@tokenizer/inflate@npm:0.2.7"
  dependencies:
    debug: "npm:^4.4.0"
    fflate: "npm:^0.8.2"
    token-types: "npm:^6.0.0"
  checksum: 10c0/75bd0c510810dfd62be9d963216b5852cde021e1f8aab43b37662bc6aa75e65fd7277fcab7d463186b55cee36a5b61129916161bdb2a7d18064016156c7daf4f
  languageName: node
  linkType: hard

"@tokenizer/token@npm:^0.3.0":
  version: 0.3.0
  resolution: "@tokenizer/token@npm:0.3.0"
  checksum: 10c0/7ab9a822d4b5ff3f5bca7f7d14d46bdd8432528e028db4a52be7fbf90c7f495cc1af1324691dda2813c6af8dc4b8eb29de3107d4508165f9aa5b53e7d501f155
  languageName: node
  linkType: hard

"@types/long@npm:^4.0.0":
  version: 4.0.2
  resolution: "@types/long@npm:4.0.2"
  checksum: 10c0/42ec66ade1f72ff9d143c5a519a65efc7c1c77be7b1ac5455c530ae9acd87baba065542f8847522af2e3ace2cc999f3ad464ef86e6b7352eece34daf88f8c924
  languageName: node
  linkType: hard

"@types/node@npm:>=13.7.0":
  version: 24.5.2
  resolution: "@types/node@npm:24.5.2"
  dependencies:
    undici-types: "npm:~7.12.0"
  checksum: 10c0/96baaca6564d39c6f7f6eddd73ce41e2a7594ef37225cd52df3be36fad31712af8ae178387a72d0b80f2e2799e7fd30c014bc0ae9eb9f962d9079b691be00c48
  languageName: node
  linkType: hard

"@types/node@npm:^10.1.0":
  version: 10.17.60
  resolution: "@types/node@npm:10.17.60"
  checksum: 10c0/0742294912a6e79786cdee9ed77cff6ee8ff007b55d8e21170fc3e5994ad3a8101fea741898091876f8dc32b0a5ae3d64537b7176799e92da56346028d2cbcd2
  languageName: node
  linkType: hard

"@whiskeysockets/baileys@npm:7.0.0-rc.3":
  version: 7.0.0-rc.3
  resolution: "@whiskeysockets/baileys@npm:7.0.0-rc.3"
  dependencies:
    "@cacheable/node-cache": "npm:^1.4.0"
    "@hapi/boom": "npm:^9.1.3"
    async-mutex: "npm:^0.5.0"
    axios: "npm:^1.6.0"
    libsignal: "git+https://github.com/whiskeysockets/libsignal-node.git"
    lru-cache: "npm:^11.1.0"
    music-metadata: "npm:^11.7.0"
    pino: "npm:^9.6"
    protobufjs: "npm:^7.2.4"
    ws: "npm:^8.13.0"
  peerDependencies:
    audio-decode: ^2.1.3
    jimp: ^1.6.0
    link-preview-js: ^3.0.0
    sharp: "*"
  peerDependenciesMeta:
    audio-decode:
      optional: true
    jimp:
      optional: true
    link-preview-js:
      optional: true
  checksum: 10c0/c073aebee815d29dcdb110611218036cc36dd48207148086bdfe7670494b5ca31ebd3aea2055b17ac19ff034cf4e7edaed11419320a20095d846a4b08f19b6fa
  languageName: node
  linkType: hard

"abort-controller@npm:^3.0.0":
  version: 3.0.0
  resolution: "abort-controller@npm:3.0.0"
  dependencies:
    event-target-shim: "npm:^5.0.0"
  checksum: 10c0/90ccc50f010250152509a344eb2e71977fbf8db0ab8f1061197e3275ddf6c61a41a6edfd7b9409c664513131dd96e962065415325ef23efa5db931b382d24ca5
  languageName: node
  linkType: hard

"async-mutex@npm:^0.5.0":
  version: 0.5.0
  resolution: "async-mutex@npm:0.5.0"
  dependencies:
    tslib: "npm:^2.4.0"
  checksum: 10c0/9096e6ad6b674c894d8ddd5aa4c512b09bb05931b8746ebd634952b05685608b2b0820ed5c406e6569919ff5fe237ab3c491e6f2887d6da6b6ba906db3ee9c32
  languageName: node
  linkType: hard

"async@npm:^0.2.9":
  version: 0.2.10
  resolution: "async@npm:0.2.10"
  checksum: 10c0/714d284dc6c3ae59f3e8b347083e32c7657ba4ffc4ff945eb152ad4fb08def27e768992fcd4d9fd3b411c6b42f1541862ac917446bf2a1acfa0f302d1001f7d2
  languageName: node
  linkType: hard

"asynckit@npm:^0.4.0":
  version: 0.4.0
  resolution: "asynckit@npm:0.4.0"
  checksum: 10c0/d73e2ddf20c4eb9337e1b3df1a0f6159481050a5de457c55b14ea2e5cb6d90bb69e004c9af54737a5ee0917fcf2c9e25de67777bbe58261847846066ba75bc9d
  languageName: node
  linkType: hard

"atomic-sleep@npm:^1.0.0":
  version: 1.0.0
  resolution: "atomic-sleep@npm:1.0.0"
  checksum: 10c0/e329a6665512736a9bbb073e1761b4ec102f7926cce35037753146a9db9c8104f5044c1662e4a863576ce544fb8be27cd2be6bc8c1a40147d03f31eb1cfb6e8a
  languageName: node
  linkType: hard

"axios@npm:^1.6.0":
  version: 1.12.2
  resolution: "axios@npm:1.12.2"
  dependencies:
    follow-redirects: "npm:^1.15.6"
    form-data: "npm:^4.0.4"
    proxy-from-env: "npm:^1.1.0"
  checksum: 10c0/80b063e318cf05cd33a4d991cea0162f3573481946f9129efb7766f38fde4c061c34f41a93a9f9521f02b7c9565ccbc197c099b0186543ac84a24580017adfed
  languageName: node
  linkType: hard

"base64-js@npm:^1.3.1":
  version: 1.5.1
  resolution: "base64-js@npm:1.5.1"
  checksum: 10c0/f23823513b63173a001030fae4f2dabe283b99a9d324ade3ad3d148e218134676f1ee8568c877cd79ec1c53158dcf2d2ba527a97c606618928ba99dd930102bf
  languageName: node
  linkType: hard

"boolbase@npm:^1.0.0":
  version: 1.0.0
  resolution: "boolbase@npm:1.0.0"
  checksum: 10c0/e4b53deb4f2b85c52be0e21a273f2045c7b6a6ea002b0e139c744cb6f95e9ec044439a52883b0d74dedd1ff3da55ed140cfdddfed7fb0cccbed373de5dce1bcf
  languageName: node
  linkType: hard

"buffer@npm:^6.0.3":
  version: 6.0.3
  resolution: "buffer@npm:6.0.3"
  dependencies:
    base64-js: "npm:^1.3.1"
    ieee754: "npm:^1.2.1"
  checksum: 10c0/2a905fbbcde73cc5d8bd18d1caa23715d5f83a5935867c2329f0ac06104204ba7947be098fe1317fbd8830e26090ff8e764f08cd14fefc977bb248c3487bcbd0
  languageName: node
  linkType: hard

"cacheable@npm:^2.0.2":
  version: 2.0.2
  resolution: "cacheable@npm:2.0.2"
  dependencies:
    "@cacheable/memoize": "npm:^2.0.2"
    "@cacheable/memory": "npm:^2.0.2"
    "@cacheable/utils": "npm:^2.0.2"
    hookified: "npm:^1.12.1"
    keyv: "npm:^5.5.2"
  checksum: 10c0/af9ee8171d06cb7ae61aa45e97e33b1bdd8e668c73d11bd2f56acd5eba8e39b8eb849d555ba4beb959253d30e0bc0c6a0ecfe823fac227ae28016ba0fe45da0e
  languageName: node
  linkType: hard

"call-bind-apply-helpers@npm:^1.0.1, call-bind-apply-helpers@npm:^1.0.2":
  version: 1.0.2
  resolution: "call-bind-apply-helpers@npm:1.0.2"
  dependencies:
    es-errors: "npm:^1.3.0"
    function-bind: "npm:^1.1.2"
  checksum: 10c0/47bd9901d57b857590431243fea704ff18078b16890a6b3e021e12d279bbf211d039155e27d7566b374d49ee1f8189344bac9833dec7a20cdec370506361c938
  languageName: node
  linkType: hard

"chalk@npm:^5.6.2":
  version: 5.6.2
  resolution: "chalk@npm:5.6.2"
  checksum: 10c0/99a4b0f0e7991796b1e7e3f52dceb9137cae2a9dfc8fc0784a550dc4c558e15ab32ed70b14b21b52beb2679b4892b41a0aa44249bcb996f01e125d58477c6976
  languageName: node
  linkType: hard

"cheerio-select@npm:^2.1.0":
  version: 2.1.0
  resolution: "cheerio-select@npm:2.1.0"
  dependencies:
    boolbase: "npm:^1.0.0"
    css-select: "npm:^5.1.0"
    css-what: "npm:^6.1.0"
    domelementtype: "npm:^2.3.0"
    domhandler: "npm:^5.0.3"
    domutils: "npm:^3.0.1"
  checksum: 10c0/2242097e593919dba4aacb97d7b8275def8b9ec70b00aa1f43335456870cfc9e284eae2080bdc832ed232dabb9eefcf56c722d152da4a154813fb8814a55d282
  languageName: node
  linkType: hard

"cheerio@npm:^1.1.2":
  version: 1.1.2
  resolution: "cheerio@npm:1.1.2"
  dependencies:
    cheerio-select: "npm:^2.1.0"
    dom-serializer: "npm:^2.0.0"
    domhandler: "npm:^5.0.3"
    domutils: "npm:^3.2.2"
    encoding-sniffer: "npm:^0.2.1"
    htmlparser2: "npm:^10.0.0"
    parse5: "npm:^7.3.0"
    parse5-htmlparser2-tree-adapter: "npm:^7.1.0"
    parse5-parser-stream: "npm:^7.1.2"
    undici: "npm:^7.12.0"
    whatwg-mimetype: "npm:^4.0.0"
  checksum: 10c0/2c6d2274666fe122f54fdca457ee76453e1a993b19563acaa23eb565bf7776f0f01e4c3800092f00e84aa13c83a161f0cf000ac0a8332d1d7f2b2387d6ecc5fc
  languageName: node
  linkType: hard

"chokidar@npm:^4.0.3":
  version: 4.0.3
  resolution: "chokidar@npm:4.0.3"
  dependencies:
    readdirp: "npm:^4.0.1"
  checksum: 10c0/a58b9df05bb452f7d105d9e7229ac82fa873741c0c40ddcc7bb82f8a909fbe3f7814c9ebe9bc9a2bef9b737c0ec6e2d699d179048ef06ad3ec46315df0ebe6ad
  languageName: node
  linkType: hard

"combined-stream@npm:^1.0.8":
  version: 1.0.8
  resolution: "combined-stream@npm:1.0.8"
  dependencies:
    delayed-stream: "npm:~1.0.0"
  checksum: 10c0/0dbb829577e1b1e839fa82b40c07ffaf7de8a09b935cadd355a73652ae70a88b4320db322f6634a4ad93424292fa80973ac6480986247f1734a1137debf271d5
  languageName: node
  linkType: hard

"content-type@npm:^1.0.5":
  version: 1.0.5
  resolution: "content-type@npm:1.0.5"
  checksum: 10c0/b76ebed15c000aee4678c3707e0860cb6abd4e680a598c0a26e17f0bfae723ec9cc2802f0ff1bc6e4d80603719010431d2231018373d4dde10f9ccff9dadf5af
  languageName: node
  linkType: hard

"css-select@npm:^5.1.0":
  version: 5.2.2
  resolution: "css-select@npm:5.2.2"
  dependencies:
    boolbase: "npm:^1.0.0"
    css-what: "npm:^6.1.0"
    domhandler: "npm:^5.0.2"
    domutils: "npm:^3.0.1"
    nth-check: "npm:^2.0.1"
  checksum: 10c0/d79fffa97106007f2802589f3ed17b8c903f1c961c0fc28aa8a051eee0cbad394d8446223862efd4c1b40445a6034f626bb639cf2035b0bfc468544177593c99
  languageName: node
  linkType: hard

"css-what@npm:^6.1.0":
  version: 6.2.2
  resolution: "css-what@npm:6.2.2"
  checksum: 10c0/91e24c26fb977b4ccef30d7007d2668c1c10ac0154cc3f42f7304410e9594fb772aea4f30c832d2993b132ca8d99338050866476210316345ec2e7d47b248a56
  languageName: node
  linkType: hard

"curve25519-js@npm:^0.0.4":
  version: 0.0.4
  resolution: "curve25519-js@npm:0.0.4"
  checksum: 10c0/5b6c3a0dcaf045588aa78c2d1113310bf93fda9c59bd533b2a06da807024eec92feb39b203d1db9c09eda94bba1252d507fb3901283d32898e43090546785ddd
  languageName: node
  linkType: hard

"debug@npm:^4.4.0, debug@npm:^4.4.3":
  version: 4.4.3
  resolution: "debug@npm:4.4.3"
  dependencies:
    ms: "npm:^2.1.3"
  peerDependenciesMeta:
    supports-color:
      optional: true
  checksum: 10c0/d79136ec6c83ecbefd0f6a5593da6a9c91ec4d7ddc4b54c883d6e71ec9accb5f67a1a5e96d00a328196b5b5c86d365e98d8a3a70856aaf16b4e7b1985e67f5a6
  languageName: node
  linkType: hard

"delayed-stream@npm:~1.0.0":
  version: 1.0.0
  resolution: "delayed-stream@npm:1.0.0"
  checksum: 10c0/d758899da03392e6712f042bec80aa293bbe9e9ff1b2634baae6a360113e708b91326594c8a486d475c69d6259afb7efacdc3537bfcda1c6c648e390ce601b19
  languageName: node
  linkType: hard

"dom-serializer@npm:^2.0.0":
  version: 2.0.0
  resolution: "dom-serializer@npm:2.0.0"
  dependencies:
    domelementtype: "npm:^2.3.0"
    domhandler: "npm:^5.0.2"
    entities: "npm:^4.2.0"
  checksum: 10c0/d5ae2b7110ca3746b3643d3ef60ef823f5f078667baf530cec096433f1627ec4b6fa8c072f09d079d7cda915fd2c7bc1b7b935681e9b09e591e1e15f4040b8e2
  languageName: node
  linkType: hard

"domelementtype@npm:^2.3.0":
  version: 2.3.0
  resolution: "domelementtype@npm:2.3.0"
  checksum: 10c0/686f5a9ef0fff078c1412c05db73a0dce096190036f33e400a07e2a4518e9f56b1e324f5c576a0a747ef0e75b5d985c040b0d51945ce780c0dd3c625a18cd8c9
  languageName: node
  linkType: hard

"domhandler@npm:^5.0.2, domhandler@npm:^5.0.3":
  version: 5.0.3
  resolution: "domhandler@npm:5.0.3"
  dependencies:
    domelementtype: "npm:^2.3.0"
  checksum: 10c0/bba1e5932b3e196ad6862286d76adc89a0dbf0c773e5ced1eb01f9af930c50093a084eff14b8de5ea60b895c56a04d5de8bbc4930c5543d029091916770b2d2a
  languageName: node
  linkType: hard

"domutils@npm:^3.0.1, domutils@npm:^3.2.1, domutils@npm:^3.2.2":
  version: 3.2.2
  resolution: "domutils@npm:3.2.2"
  dependencies:
    dom-serializer: "npm:^2.0.0"
    domelementtype: "npm:^2.3.0"
    domhandler: "npm:^5.0.3"
  checksum: 10c0/47938f473b987ea71cd59e59626eb8666d3aa8feba5266e45527f3b636c7883cca7e582d901531961f742c519d7514636b7973353b648762b2e3bedbf235fada
  languageName: node
  linkType: hard

"dunder-proto@npm:^1.0.1":
  version: 1.0.1
  resolution: "dunder-proto@npm:1.0.1"
  dependencies:
    call-bind-apply-helpers: "npm:^1.0.1"
    es-errors: "npm:^1.3.0"
    gopd: "npm:^1.2.0"
  checksum: 10c0/199f2a0c1c16593ca0a145dbf76a962f8033ce3129f01284d48c45ed4e14fea9bbacd7b3610b6cdc33486cef20385ac054948fefc6272fcce645c09468f93031
  languageName: node
  linkType: hard

"encoding-sniffer@npm:^0.2.1":
  version: 0.2.1
  resolution: "encoding-sniffer@npm:0.2.1"
  dependencies:
    iconv-lite: "npm:^0.6.3"
    whatwg-encoding: "npm:^3.1.1"
  checksum: 10c0/d6b591880788f3baf8dd1744636dd189d24a1ec93e6f9817267c60ac3458a5191ca70ab1a186fb67731beff1c3489c6527dfdc4718158ed8460ab2f400dd5e7d
  languageName: node
  linkType: hard

"entities@npm:^4.2.0":
  version: 4.5.0
  resolution: "entities@npm:4.5.0"
  checksum: 10c0/5b039739f7621f5d1ad996715e53d964035f75ad3b9a4d38c6b3804bb226e282ffeae2443624d8fdd9c47d8e926ae9ac009c54671243f0c3294c26af7cc85250
  languageName: node
  linkType: hard

"entities@npm:^6.0.0":
  version: 6.0.1
  resolution: "entities@npm:6.0.1"
  checksum: 10c0/ed836ddac5acb34341094eb495185d527bd70e8632b6c0d59548cbfa23defdbae70b96f9a405c82904efa421230b5b3fd2283752447d737beffd3f3e6ee74414
  languageName: node
  linkType: hard

"es-define-property@npm:^1.0.1":
  version: 1.0.1
  resolution: "es-define-property@npm:1.0.1"
  checksum: 10c0/3f54eb49c16c18707949ff25a1456728c883e81259f045003499efba399c08bad00deebf65cccde8c0e07908c1a225c9d472b7107e558f2a48e28d530e34527c
  languageName: node
  linkType: hard

"es-errors@npm:^1.3.0":
  version: 1.3.0
  resolution: "es-errors@npm:1.3.0"
  checksum: 10c0/0a61325670072f98d8ae3b914edab3559b6caa980f08054a3b872052640d91da01d38df55df797fcc916389d77fc92b8d5906cf028f4db46d7e3003abecbca85
  languageName: node
  linkType: hard

"es-object-atoms@npm:^1.0.0, es-object-atoms@npm:^1.1.1":
  version: 1.1.1
  resolution: "es-object-atoms@npm:1.1.1"
  dependencies:
    es-errors: "npm:^1.3.0"
  checksum: 10c0/65364812ca4daf48eb76e2a3b7a89b3f6a2e62a1c420766ce9f692665a29d94fe41fe88b65f24106f449859549711e4b40d9fb8002d862dfd7eb1c512d10be0c
  languageName: node
  linkType: hard

"es-set-tostringtag@npm:^2.1.0":
  version: 2.1.0
  resolution: "es-set-tostringtag@npm:2.1.0"
  dependencies:
    es-errors: "npm:^1.3.0"
    get-intrinsic: "npm:^1.2.6"
    has-tostringtag: "npm:^1.0.2"
    hasown: "npm:^2.0.2"
  checksum: 10c0/ef2ca9ce49afe3931cb32e35da4dcb6d86ab02592cfc2ce3e49ced199d9d0bb5085fc7e73e06312213765f5efa47cc1df553a6a5154584b21448e9fb8355b1af
  languageName: node
  linkType: hard

"esempe-md@workspace:.":
  version: 0.0.0-use.local
  resolution: "esempe-md@workspace:."
  dependencies:
    "@whiskeysockets/baileys": "npm:7.0.0-rc.3"
    chalk: "npm:^5.6.2"
    cheerio: "npm:^1.1.2"
    chokidar: "npm:^4.0.3"
    file-type: "npm:^17.1.1"
    fluent-ffmpeg: "npm:^2.1.3"
    node-webpmux: "npm:^3.2.1"
  languageName: unknown
  linkType: soft

"event-target-shim@npm:^5.0.0":
  version: 5.0.1
  resolution: "event-target-shim@npm:5.0.1"
  checksum: 10c0/0255d9f936215fd206156fd4caa9e8d35e62075d720dc7d847e89b417e5e62cf1ce6c9b4e0a1633a9256de0efefaf9f8d26924b1f3c8620cffb9db78e7d3076b
  languageName: node
  linkType: hard

"events@npm:^3.3.0":
  version: 3.3.0
  resolution: "events@npm:3.3.0"
  checksum: 10c0/d6b6f2adbccbcda74ddbab52ed07db727ef52e31a61ed26db9feb7dc62af7fc8e060defa65e5f8af9449b86b52cc1a1f6a79f2eafcf4e62add2b7a1fa4a432f6
  languageName: node
  linkType: hard

"fast-redact@npm:^3.1.1":
  version: 3.5.0
  resolution: "fast-redact@npm:3.5.0"
  checksum: 10c0/7e2ce4aad6e7535e0775bf12bd3e4f2e53d8051d8b630e0fa9e67f68cb0b0e6070d2f7a94b1d0522ef07e32f7c7cda5755e2b677a6538f1e9070ca053c42343a
  languageName: node
  linkType: hard

"fflate@npm:^0.8.2":
  version: 0.8.2
  resolution: "fflate@npm:0.8.2"
  checksum: 10c0/03448d630c0a583abea594835a9fdb2aaf7d67787055a761515bf4ed862913cfd693b4c4ffd5c3f3b355a70cf1e19033e9ae5aedcca103188aaff91b8bd6e293
  languageName: node
  linkType: hard

"file-type@npm:^17.1.1":
  version: 17.1.6
  resolution: "file-type@npm:17.1.6"
  dependencies:
    readable-web-to-node-stream: "npm:^3.0.2"
    strtok3: "npm:^7.0.0-alpha.9"
    token-types: "npm:^5.0.0-alpha.2"
  checksum: 10c0/e75a00f4b57aadb81bac60e7315a7d15fa37276a8d2e7b551418388a039f89883e4e53fdb8e3ec6eb151f55f32e6f6a71c5069d6054c5dee20d2898fe853dcf2
  languageName: node
  linkType: hard

"file-type@npm:^21.0.0":
  version: 21.0.0
  resolution: "file-type@npm:21.0.0"
  dependencies:
    "@tokenizer/inflate": "npm:^0.2.7"
    strtok3: "npm:^10.2.2"
    token-types: "npm:^6.0.0"
    uint8array-extras: "npm:^1.4.0"
  checksum: 10c0/ee6b0bb5771ad154e236bb77b5c00907743fef3637c3825713c1d6913377d3d969ebba4a6f0aa854b8231552e2c1bd0387229fe67394dc3d08a01819c7d107b1
  languageName: node
  linkType: hard

"fluent-ffmpeg@npm:^2.1.3":
  version: 2.1.3
  resolution: "fluent-ffmpeg@npm:2.1.3"
  dependencies:
    async: "npm:^0.2.9"
    which: "npm:^1.1.1"
  checksum: 10c0/0397379ec3237c10b2389edeef26fdaf93f36d1b20b0f28f8945fe6d9121dcee9b0c615bf7d44edb7abd37233e0d24f0db39389668d3c86a1a2a0d59e3f4457b
  languageName: node
  linkType: hard

"follow-redirects@npm:^1.15.6":
  version: 1.15.11
  resolution: "follow-redirects@npm:1.15.11"
  peerDependenciesMeta:
    debug:
      optional: true
  checksum: 10c0/d301f430542520a54058d4aeeb453233c564aaccac835d29d15e050beb33f339ad67d9bddbce01739c5dc46a6716dbe3d9d0d5134b1ca203effa11a7ef092343
  languageName: node
  linkType: hard

"form-data@npm:^4.0.4":
  version: 4.0.4
  resolution: "form-data@npm:4.0.4"
  dependencies:
    asynckit: "npm:^0.4.0"
    combined-stream: "npm:^1.0.8"
    es-set-tostringtag: "npm:^2.1.0"
    hasown: "npm:^2.0.2"
    mime-types: "npm:^2.1.12"
  checksum: 10c0/373525a9a034b9d57073e55eab79e501a714ffac02e7a9b01be1c820780652b16e4101819785e1e18f8d98f0aee866cc654d660a435c378e16a72f2e7cac9695
  languageName: node
  linkType: hard

"function-bind@npm:^1.1.2":
  version: 1.1.2
  resolution: "function-bind@npm:1.1.2"
  checksum: 10c0/d8680ee1e5fcd4c197e4ac33b2b4dce03c71f4d91717292785703db200f5c21f977c568d28061226f9b5900cbcd2c84463646134fd5337e7925e0942bc3f46d5
  languageName: node
  linkType: hard

"get-intrinsic@npm:^1.2.6":
  version: 1.3.0
  resolution: "get-intrinsic@npm:1.3.0"
  dependencies:
    call-bind-apply-helpers: "npm:^1.0.2"
    es-define-property: "npm:^1.0.1"
    es-errors: "npm:^1.3.0"
    es-object-atoms: "npm:^1.1.1"
    function-bind: "npm:^1.1.2"
    get-proto: "npm:^1.0.1"
    gopd: "npm:^1.2.0"
    has-symbols: "npm:^1.1.0"
    hasown: "npm:^2.0.2"
    math-intrinsics: "npm:^1.1.0"
  checksum: 10c0/52c81808af9a8130f581e6a6a83e1ba4a9f703359e7a438d1369a5267a25412322f03dcbd7c549edaef0b6214a0630a28511d7df0130c93cfd380f4fa0b5b66a
  languageName: node
  linkType: hard

"get-proto@npm:^1.0.1":
  version: 1.0.1
  resolution: "get-proto@npm:1.0.1"
  dependencies:
    dunder-proto: "npm:^1.0.1"
    es-object-atoms: "npm:^1.0.0"
  checksum: 10c0/9224acb44603c5526955e83510b9da41baf6ae73f7398875fba50edc5e944223a89c4a72b070fcd78beb5f7bdda58ecb6294adc28f7acfc0da05f76a2399643c
  languageName: node
  linkType: hard

"gopd@npm:^1.2.0":
  version: 1.2.0
  resolution: "gopd@npm:1.2.0"
  checksum: 10c0/50fff1e04ba2b7737c097358534eacadad1e68d24cccee3272e04e007bed008e68d2614f3987788428fd192a5ae3889d08fb2331417e4fc4a9ab366b2043cead
  languageName: node
  linkType: hard

"has-symbols@npm:^1.0.3, has-symbols@npm:^1.1.0":
  version: 1.1.0
  resolution: "has-symbols@npm:1.1.0"
  checksum: 10c0/dde0a734b17ae51e84b10986e651c664379018d10b91b6b0e9b293eddb32f0f069688c841fb40f19e9611546130153e0a2a48fd7f512891fb000ddfa36f5a20e
  languageName: node
  linkType: hard

"has-tostringtag@npm:^1.0.2":
  version: 1.0.2
  resolution: "has-tostringtag@npm:1.0.2"
  dependencies:
    has-symbols: "npm:^1.0.3"
  checksum: 10c0/a8b166462192bafe3d9b6e420a1d581d93dd867adb61be223a17a8d6dad147aa77a8be32c961bb2f27b3ef893cae8d36f564ab651f5e9b7938ae86f74027c48c
  languageName: node
  linkType: hard

"hasown@npm:^2.0.2":
  version: 2.0.2
  resolution: "hasown@npm:2.0.2"
  dependencies:
    function-bind: "npm:^1.1.2"
  checksum: 10c0/3769d434703b8ac66b209a4cca0737519925bbdb61dd887f93a16372b14694c63ff4e797686d87c90f08168e81082248b9b028bad60d4da9e0d1148766f56eb9
  languageName: node
  linkType: hard

"hookified@npm:^1.12.0, hookified@npm:^1.12.1":
  version: 1.12.1
  resolution: "hookified@npm:1.12.1"
  checksum: 10c0/fe8d74ee49d1f79677dcdff7606eeb731f7a7dc59f61ec2141a11e3bb94ff6532f870649b900fa9f68568f410c504a338d8732e4d1abe61b426e645c37862e50
  languageName: node
  linkType: hard

"htmlparser2@npm:^10.0.0":
  version: 10.0.0
  resolution: "htmlparser2@npm:10.0.0"
  dependencies:
    domelementtype: "npm:^2.3.0"
    domhandler: "npm:^5.0.3"
    domutils: "npm:^3.2.1"
    entities: "npm:^6.0.0"
  checksum: 10c0/47cfa37e529c86a7ba9a1e0e6f951ad26ef8ca5af898ab6e8916fa02c0264c1453b4a65f28b7b8a7f9d0d29b5a70abead8203bf8b3f07bc69407e85e7d9a68e4
  languageName: node
  linkType: hard

"iconv-lite@npm:0.6.3, iconv-lite@npm:^0.6.3":
  version: 0.6.3
  resolution: "iconv-lite@npm:0.6.3"
  dependencies:
    safer-buffer: "npm:>= 2.1.2 < 3.0.0"
  checksum: 10c0/98102bc66b33fcf5ac044099d1257ba0b7ad5e3ccd3221f34dd508ab4070edff183276221684e1e0555b145fce0850c9f7d2b60a9fcac50fbb4ea0d6e845a3b1
  languageName: node
  linkType: hard

"ieee754@npm:^1.2.1":
  version: 1.2.1
  resolution: "ieee754@npm:1.2.1"
  checksum: 10c0/b0782ef5e0935b9f12883a2e2aa37baa75da6e66ce6515c168697b42160807d9330de9a32ec1ed73149aea02e0d822e572bca6f1e22bdcbd2149e13b050b17bb
  languageName: node
  linkType: hard

"isexe@npm:^2.0.0":
  version: 2.0.0
  resolution: "isexe@npm:2.0.0"
  checksum: 10c0/228cfa503fadc2c31596ab06ed6aa82c9976eec2bfd83397e7eaf06d0ccf42cd1dfd6743bf9aeb01aebd4156d009994c5f76ea898d2832c1fe342da923ca457d
  languageName: node
  linkType: hard

"keyv@npm:^5.5.2":
  version: 5.5.2
  resolution: "keyv@npm:5.5.2"
  dependencies:
    "@keyv/serialize": "npm:^1.1.1"
  checksum: 10c0/b0a224210e8bbc4a5913535aa7cc8552809dc81ad67311cc78a2ccfe5485b82b23b8e28ea3a1202e8352c18dd2a0b12b49cda5bb933958d2dcf88042db54c9d0
  languageName: node
  linkType: hard

"libsignal@git+https://github.com/whiskeysockets/libsignal-node.git":
  version: 2.0.1
  resolution: "libsignal@https://github.com/whiskeysockets/libsignal-node.git#commit=e81ecfc32eb74951d789ab37f7e341ab66d5fff1"
  dependencies:
    curve25519-js: "npm:^0.0.4"
    protobufjs: "npm:6.8.8"
  checksum: 10c0/d1ae7d8a5fadd6bb1c486d1b2ebc388967fee57c13f52b473127c1cbd9cd647b44545ff07c2b9cc49b3dea4e25ccfcfece31c526fdbdbf065837c85d189e97a0
  languageName: node
  linkType: hard

"long@npm:^4.0.0":
  version: 4.0.0
  resolution: "long@npm:4.0.0"
  checksum: 10c0/50a6417d15b06104dbe4e3d4a667c39b137f130a9108ea8752b352a4cfae047531a3ac351c181792f3f8768fe17cca6b0f406674a541a86fb638aaac560d83ed
  languageName: node
  linkType: hard

"long@npm:^5.0.0":
  version: 5.3.2
  resolution: "long@npm:5.3.2"
  checksum: 10c0/7130fe1cbce2dca06734b35b70d380ca3f70271c7f8852c922a7c62c86c4e35f0c39290565eca7133c625908d40e126ac57c02b1b1a4636b9457d77e1e60b981
  languageName: node
  linkType: hard

"lru-cache@npm:^11.1.0":
  version: 11.2.2
  resolution: "lru-cache@npm:11.2.2"
  checksum: 10c0/72d7831bbebc85e2bdefe01047ee5584db69d641c48d7a509e86f66f6ee111b30af7ec3bd68a967d47b69a4b1fa8bbf3872630bd06a63b6735e6f0a5f1c8e83d
  languageName: node
  linkType: hard

"math-intrinsics@npm:^1.1.0":
  version: 1.1.0
  resolution: "math-intrinsics@npm:1.1.0"
  checksum: 10c0/7579ff94e899e2f76ab64491d76cf606274c874d8f2af4a442c016bd85688927fcfca157ba6bf74b08e9439dc010b248ce05b96cc7c126a354c3bae7fcb48b7f
  languageName: node
  linkType: hard

"media-typer@npm:^1.1.0":
  version: 1.1.0
  resolution: "media-typer@npm:1.1.0"
  checksum: 10c0/7b4baa40b25964bb90e2121ee489ec38642127e48d0cc2b6baa442688d3fde6262bfdca86d6bbf6ba708784afcac168c06840c71facac70e390f5f759ac121b9
  languageName: node
  linkType: hard

"mime-db@npm:1.52.0":
  version: 1.52.0
  resolution: "mime-db@npm:1.52.0"
  checksum: 10c0/0557a01deebf45ac5f5777fe7740b2a5c309c6d62d40ceab4e23da9f821899ce7a900b7ac8157d4548ddbb7beffe9abc621250e6d182b0397ec7f10c7b91a5aa
  languageName: node
  linkType: hard

"mime-types@npm:^2.1.12":
  version: 2.1.35
  resolution: "mime-types@npm:2.1.35"
  dependencies:
    mime-db: "npm:1.52.0"
  checksum: 10c0/82fb07ec56d8ff1fc999a84f2f217aa46cb6ed1033fefaabd5785b9a974ed225c90dc72fff460259e66b95b73648596dbcc50d51ed69cdf464af2d237d3149b2
  languageName: node
  linkType: hard

"ms@npm:^2.1.3":
  version: 2.1.3
  resolution: "ms@npm:2.1.3"
  checksum: 10c0/d924b57e7312b3b63ad21fc5b3dc0af5e78d61a1fc7cfb5457edaf26326bf62be5307cc87ffb6862ef1c2b33b0233cdb5d4f01c4c958cc0d660948b65a287a48
  languageName: node
  linkType: hard

"music-metadata@npm:^11.7.0":
  version: 11.9.0
  resolution: "music-metadata@npm:11.9.0"
  dependencies:
    "@borewit/text-codec": "npm:^0.2.0"
    "@tokenizer/token": "npm:^0.3.0"
    content-type: "npm:^1.0.5"
    debug: "npm:^4.4.3"
    file-type: "npm:^21.0.0"
    media-typer: "npm:^1.1.0"
    strtok3: "npm:^10.3.4"
    token-types: "npm:^6.1.1"
    uint8array-extras: "npm:^1.5.0"
  checksum: 10c0/7aee2faf8d231e6b56371ac4ee56e4bd8ce2fd57f72d387974cef2c7ba2a79741ed938a9d7b334ca0b153db1059f87aecf648ce2f30553b0ce75af389baf2b56
  languageName: node
  linkType: hard

"node-webpmux@npm:^3.2.1":
  version: 3.2.1
  resolution: "node-webpmux@npm:3.2.1"
  checksum: 10c0/b94f5de533b4edab2f28cbdfc76f9dbf215364b25b8a29c100b0bcd8ef0c31bfb6cab4a4eccaff83576978cd7318d803d7ef9478f4045d92d43cafbbbd23b6b9
  languageName: node
  linkType: hard

"nth-check@npm:^2.0.1":
  version: 2.1.1
  resolution: "nth-check@npm:2.1.1"
  dependencies:
    boolbase: "npm:^1.0.0"
  checksum: 10c0/5fee7ff309727763689cfad844d979aedd2204a817fbaaf0e1603794a7c20db28548d7b024692f953557df6ce4a0ee4ae46cd8ebd9b36cfb300b9226b567c479
  languageName: node
  linkType: hard

"on-exit-leak-free@npm:^2.1.0":
  version: 2.1.2
  resolution: "on-exit-leak-free@npm:2.1.2"
  checksum: 10c0/faea2e1c9d696ecee919026c32be8d6a633a7ac1240b3b87e944a380e8a11dc9c95c4a1f8fb0568de7ab8db3823e790f12bda45296b1d111e341aad3922a0570
  languageName: node
  linkType: hard

"parse5-htmlparser2-tree-adapter@npm:^7.1.0":
  version: 7.1.0
  resolution: "parse5-htmlparser2-tree-adapter@npm:7.1.0"
  dependencies:
    domhandler: "npm:^5.0.3"
    parse5: "npm:^7.0.0"
  checksum: 10c0/e5a4e0b834c84c9e244b5749f8d007f4baaeafac7a1da2c54be3421ffd9ef8fdec4f198bf55cda22e88e6ba95e9943f6ed5aa3ae5900b39972ebf5dc8c3f4722
  languageName: node
  linkType: hard

"parse5-parser-stream@npm:^7.1.2":
  version: 7.1.2
  resolution: "parse5-parser-stream@npm:7.1.2"
  dependencies:
    parse5: "npm:^7.0.0"
  checksum: 10c0/e236c61000d38ecad369e725a48506b051cebad8abb00e6d4e8bff7aa85c183820fcb45db1559cc90955bdbbdbd665ea94c41259594e74566fff411478dc7fcb
  languageName: node
  linkType: hard

"parse5@npm:^7.0.0, parse5@npm:^7.3.0":
  version: 7.3.0
  resolution: "parse5@npm:7.3.0"
  dependencies:
    entities: "npm:^6.0.0"
  checksum: 10c0/7fd2e4e247e85241d6f2a464d0085eed599a26d7b0a5233790c49f53473232eb85350e8133344d9b3fd58b89339e7ad7270fe1f89d28abe50674ec97b87f80b5
  languageName: node
  linkType: hard

"peek-readable@npm:^5.1.3":
  version: 5.4.2
  resolution: "peek-readable@npm:5.4.2"
  checksum: 10c0/283d87d5e5f469b1a3f009faa9c1c736a55fd577947208f3834c59b3ca314ce0b2c05c490181feaebddfb8bb9c3245f9b6d44c2fc06ccaea60b9091bb48a0c90
  languageName: node
  linkType: hard

"pino-abstract-transport@npm:^2.0.0":
  version: 2.0.0
  resolution: "pino-abstract-transport@npm:2.0.0"
  dependencies:
    split2: "npm:^4.0.0"
  checksum: 10c0/02c05b8f2ffce0d7c774c8e588f61e8b77de8ccb5f8125afd4a7325c9ea0e6af7fb78168999657712ae843e4462bb70ac550dfd6284f930ee57f17f486f25a9f
  languageName: node
  linkType: hard

"pino-std-serializers@npm:^7.0.0":
  version: 7.0.0
  resolution: "pino-std-serializers@npm:7.0.0"
  checksum: 10c0/73e694d542e8de94445a03a98396cf383306de41fd75ecc07085d57ed7a57896198508a0dec6eefad8d701044af21eb27253ccc352586a03cf0d4a0bd25b4133
  languageName: node
  linkType: hard

"pino@npm:^9.6":
  version: 9.11.0
  resolution: "pino@npm:9.11.0"
  dependencies:
    atomic-sleep: "npm:^1.0.0"
    fast-redact: "npm:^3.1.1"
    on-exit-leak-free: "npm:^2.1.0"
    pino-abstract-transport: "npm:^2.0.0"
    pino-std-serializers: "npm:^7.0.0"
    process-warning: "npm:^5.0.0"
    quick-format-unescaped: "npm:^4.0.3"
    real-require: "npm:^0.2.0"
    safe-stable-stringify: "npm:^2.3.1"
    sonic-boom: "npm:^4.0.1"
    thread-stream: "npm:^3.0.0"
  bin:
    pino: bin.js
  checksum: 10c0/ba908f95b61fa2c2d6c432e1f39a4394cc0dbf356c4f8837bd9c07538d749699b78204a5557e6050870f2988c25c3f0b6a88693d4bd185ebeef57d75a3b25e38
  languageName: node
  linkType: hard

"process-warning@npm:^5.0.0":
  version: 5.0.0
  resolution: "process-warning@npm:5.0.0"
  checksum: 10c0/941f48863d368ec161e0b5890ba0c6af94170078f3d6b5e915c19b36fb59edb0dc2f8e834d25e0d375a8bf368a49d490f080508842168832b93489d17843ec29
  languageName: node
  linkType: hard

"process@npm:^0.11.10":
  version: 0.11.10
  resolution: "process@npm:0.11.10"
  checksum: 10c0/40c3ce4b7e6d4b8c3355479df77aeed46f81b279818ccdc500124e6a5ab882c0cc81ff7ea16384873a95a74c4570b01b120f287abbdd4c877931460eca6084b3
  languageName: node
  linkType: hard

"protobufjs@npm:6.8.8":
  version: 6.8.8
  resolution: "protobufjs@npm:6.8.8"
  dependencies:
    "@protobufjs/aspromise": "npm:^1.1.2"
    "@protobufjs/base64": "npm:^1.1.2"
    "@protobufjs/codegen": "npm:^2.0.4"
    "@protobufjs/eventemitter": "npm:^1.1.0"
    "@protobufjs/fetch": "npm:^1.1.0"
    "@protobufjs/float": "npm:^1.0.2"
    "@protobufjs/inquire": "npm:^1.1.0"
    "@protobufjs/path": "npm:^1.1.2"
    "@protobufjs/pool": "npm:^1.1.0"
    "@protobufjs/utf8": "npm:^1.1.0"
    "@types/long": "npm:^4.0.0"
    "@types/node": "npm:^10.1.0"
    long: "npm:^4.0.0"
  bin:
    pbjs: bin/pbjs
    pbts: bin/pbts
  checksum: 10c0/2511ed6089245b2102c333ac56190b104f8d8227972c00f041def8387abf841fded7b2cb7130063666b7bca84597a43005ea05c5f674132a0ddd5eb94a6e7916
  languageName: node
  linkType: hard

"protobufjs@npm:^7.2.4":
  version: 7.5.4
  resolution: "protobufjs@npm:7.5.4"
  dependencies:
    "@protobufjs/aspromise": "npm:^1.1.2"
    "@protobufjs/base64": "npm:^1.1.2"
    "@protobufjs/codegen": "npm:^2.0.4"
    "@protobufjs/eventemitter": "npm:^1.1.0"
    "@protobufjs/fetch": "npm:^1.1.0"
    "@protobufjs/float": "npm:^1.0.2"
    "@protobufjs/inquire": "npm:^1.1.0"
    "@protobufjs/path": "npm:^1.1.2"
    "@protobufjs/pool": "npm:^1.1.0"
    "@protobufjs/utf8": "npm:^1.1.0"
    "@types/node": "npm:>=13.7.0"
    long: "npm:^5.0.0"
  checksum: 10c0/913b676109ffb3c05d3d31e03a684e569be91f3bba8613da4a683d69d9dba948daa2afd7d2e7944d1aa6c417890c35d9d9a8883c1160affafb0f9670d59ef722
  languageName: node
  linkType: hard

"proxy-from-env@npm:^1.1.0":
  version: 1.1.0
  resolution: "proxy-from-env@npm:1.1.0"
  checksum: 10c0/fe7dd8b1bdbbbea18d1459107729c3e4a2243ca870d26d34c2c1bcd3e4425b7bcc5112362df2d93cc7fb9746f6142b5e272fd1cc5c86ddf8580175186f6ad42b
  languageName: node
  linkType: hard

"quick-format-unescaped@npm:^4.0.3":
  version: 4.0.4
  resolution: "quick-format-unescaped@npm:4.0.4"
  checksum: 10c0/fe5acc6f775b172ca5b4373df26f7e4fd347975578199e7d74b2ae4077f0af05baa27d231de1e80e8f72d88275ccc6028568a7a8c9ee5e7368ace0e18eff93a4
  languageName: node
  linkType: hard

"readable-stream@npm:^4.7.0":
  version: 4.7.0
  resolution: "readable-stream@npm:4.7.0"
  dependencies:
    abort-controller: "npm:^3.0.0"
    buffer: "npm:^6.0.3"
    events: "npm:^3.3.0"
    process: "npm:^0.11.10"
    string_decoder: "npm:^1.3.0"
  checksum: 10c0/fd86d068da21cfdb10f7a4479f2e47d9c0a9b0c862fc0c840a7e5360201580a55ac399c764b12a4f6fa291f8cee74d9c4b7562e0d53b3c4b2769f2c98155d957
  languageName: node
  linkType: hard

"readable-web-to-node-stream@npm:^3.0.2":
  version: 3.0.4
  resolution: "readable-web-to-node-stream@npm:3.0.4"
  dependencies:
    readable-stream: "npm:^4.7.0"
  checksum: 10c0/2dc417d5d0b0c0191fcf57f87df3b2853db21d1da5554ec32b1e1c5a515e5a1243fc077a23f74046d711c2d736628f64b31054a8379b95bb016212430b5110c5
  languageName: node
  linkType: hard

"readdirp@npm:^4.0.1":
  version: 4.1.2
  resolution: "readdirp@npm:4.1.2"
  checksum: 10c0/60a14f7619dec48c9c850255cd523e2717001b0e179dc7037cfa0895da7b9e9ab07532d324bfb118d73a710887d1e35f79c495fa91582784493e085d18c72c62
  languageName: node
  linkType: hard

"real-require@npm:^0.2.0":
  version: 0.2.0
  resolution: "real-require@npm:0.2.0"
  checksum: 10c0/23eea5623642f0477412ef8b91acd3969015a1501ed34992ada0e3af521d3c865bb2fe4cdbfec5fe4b505f6d1ef6a03e5c3652520837a8c3b53decff7e74b6a0
  languageName: node
  linkType: hard

"safe-buffer@npm:~5.2.0":
  version: 5.2.1
  resolution: "safe-buffer@npm:5.2.1"
  checksum: 10c0/6501914237c0a86e9675d4e51d89ca3c21ffd6a31642efeba25ad65720bce6921c9e7e974e5be91a786b25aa058b5303285d3c15dbabf983a919f5f630d349f3
  languageName: node
  linkType: hard

"safe-stable-stringify@npm:^2.3.1":
  version: 2.5.0
  resolution: "safe-stable-stringify@npm:2.5.0"
  checksum: 10c0/baea14971858cadd65df23894a40588ed791769db21bafb7fd7608397dbdce9c5aac60748abae9995e0fc37e15f2061980501e012cd48859740796bea2987f49
  languageName: node
  linkType: hard

"safer-buffer@npm:>= 2.1.2 < 3.0.0":
  version: 2.1.2
  resolution: "safer-buffer@npm:2.1.2"
  checksum: 10c0/7e3c8b2e88a1841c9671094bbaeebd94448111dd90a81a1f606f3f67708a6ec57763b3b47f06da09fc6054193e0e6709e77325415dc8422b04497a8070fa02d4
  languageName: node
  linkType: hard

"sonic-boom@npm:^4.0.1":
  version: 4.2.0
  resolution: "sonic-boom@npm:4.2.0"
  dependencies:
    atomic-sleep: "npm:^1.0.0"
  checksum: 10c0/ae897e6c2cd6d3cb7cdcf608bc182393b19c61c9413a85ce33ffd25891485589f39bece0db1de24381d0a38fc03d08c9862ded0c60f184f1b852f51f97af9684
  languageName: node
  linkType: hard

"split2@npm:^4.0.0":
  version: 4.2.0
  resolution: "split2@npm:4.2.0"
  checksum: 10c0/b292beb8ce9215f8c642bb68be6249c5a4c7f332fc8ecadae7be5cbdf1ea95addc95f0459ef2e7ad9d45fd1064698a097e4eb211c83e772b49bc0ee423e91534
  languageName: node
  linkType: hard

"string_decoder@npm:^1.3.0":
  version: 1.3.0
  resolution: "string_decoder@npm:1.3.0"
  dependencies:
    safe-buffer: "npm:~5.2.0"
  checksum: 10c0/810614ddb030e271cd591935dcd5956b2410dd079d64ff92a1844d6b7588bf992b3e1b69b0f4d34a3e06e0bd73046ac646b5264c1987b20d0601f81ef35d731d
  languageName: node
  linkType: hard

"strtok3@npm:^10.2.2, strtok3@npm:^10.3.4":
  version: 10.3.4
  resolution: "strtok3@npm:10.3.4"
  dependencies:
    "@tokenizer/token": "npm:^0.3.0"
  checksum: 10c0/277ab69e417f4545e364ffaf9d560c991f531045dbace32d77b5c822cccd76a608b782785a2c60595274288d4d32dced184a5c21dc20348791da697127dc69a8
  languageName: node
  linkType: hard

"strtok3@npm:^7.0.0-alpha.9":
  version: 7.1.1
  resolution: "strtok3@npm:7.1.1"
  dependencies:
    "@tokenizer/token": "npm:^0.3.0"
    peek-readable: "npm:^5.1.3"
  checksum: 10c0/40c659917d12b925a2ae0781b5a6a6573a5fc99a08e2185ba93fc1e303e7e28935f8b3b83942fd39d0adf9ce1e9e4a3a3f6d984bc6376c14feb93a121fea454a
  languageName: node
  linkType: hard

"thread-stream@npm:^3.0.0":
  version: 3.1.0
  resolution: "thread-stream@npm:3.1.0"
  dependencies:
    real-require: "npm:^0.2.0"
  checksum: 10c0/c36118379940b77a6ef3e6f4d5dd31e97b8210c3f7b9a54eb8fe6358ab173f6d0acfaf69b9c3db024b948c0c5fd2a7df93e2e49151af02076b35ada3205ec9a6
  languageName: node
  linkType: hard

"token-types@npm:^5.0.0-alpha.2":
  version: 5.0.1
  resolution: "token-types@npm:5.0.1"
  dependencies:
    "@tokenizer/token": "npm:^0.3.0"
    ieee754: "npm:^1.2.1"
  checksum: 10c0/cb671b2b52271362816d22b7a076082b0da033cd7807992b81ae53cfd8541bd013ac29e455c3c7a8bb4f88aa1c5315a12353c3599b7f568df238d3c1723f9d8d
  languageName: node
  linkType: hard

"token-types@npm:^6.0.0, token-types@npm:^6.1.1":
  version: 6.1.1
  resolution: "token-types@npm:6.1.1"
  dependencies:
    "@borewit/text-codec": "npm:^0.1.0"
    "@tokenizer/token": "npm:^0.3.0"
    ieee754: "npm:^1.2.1"
  checksum: 10c0/e2405e7789d41693a09c478b53c47ffadd735a5f4c826d9885787d022ab10e26cc4a67b03593285748bf3b0c0237e0ea2ab268abcb953ea314727201d0f6504d
  languageName: node
  linkType: hard

"tslib@npm:^2.4.0":
  version: 2.8.1
  resolution: "tslib@npm:2.8.1"
  checksum: 10c0/9c4759110a19c53f992d9aae23aac5ced636e99887b51b9e61def52611732872ff7668757d4e4c61f19691e36f4da981cd9485e869b4a7408d689f6bf1f14e62
  languageName: node
  linkType: hard

"uint8array-extras@npm:^1.4.0, uint8array-extras@npm:^1.5.0":
  version: 1.5.0
  resolution: "uint8array-extras@npm:1.5.0"
  checksum: 10c0/0e74641ac7dadb02eadefc1ccdadba6010e007757bda824960de3c72bbe2b04e6d3af75648441f412148c4103261d54fcb60be45a2863beb76643a55fddba3bd
  languageName: node
  linkType: hard

"undici-types@npm:~7.12.0":
  version: 7.12.0
  resolution: "undici-types@npm:7.12.0"
  checksum: 10c0/326e455bbc0026db1d6b81c76a1cf10c63f7e2f9821db2e24fdc258f482814e5bfa8481f8910d07c68e305937c5c049610fdc441c5e8b7bb0daca7154fb8a306
  languageName: node
  linkType: hard

"undici@npm:^7.12.0":
  version: 7.16.0
  resolution: "undici@npm:7.16.0"
  checksum: 10c0/efd867792e9f233facf9efa0a087e2d9c3e4415c0b234061b9b40307ca4fa01d945fee4d43c7b564e1b80e0d519bcc682f9f6e0de13c717146c00a80e2f1fb0f
  languageName: node
  linkType: hard

"whatwg-encoding@npm:^3.1.1":
  version: 3.1.1
  resolution: "whatwg-encoding@npm:3.1.1"
  dependencies:
    iconv-lite: "npm:0.6.3"
  checksum: 10c0/273b5f441c2f7fda3368a496c3009edbaa5e43b71b09728f90425e7f487e5cef9eb2b846a31bd760dd8077739c26faf6b5ca43a5f24033172b003b72cf61a93e
  languageName: node
  linkType: hard

"whatwg-mimetype@npm:^4.0.0":
  version: 4.0.0
  resolution: "whatwg-mimetype@npm:4.0.0"
  checksum: 10c0/a773cdc8126b514d790bdae7052e8bf242970cebd84af62fb2f35a33411e78e981f6c0ab9ed1fe6ec5071b09d5340ac9178e05b52d35a9c4bcf558ba1b1551df
  languageName: node
  linkType: hard

"which@npm:^1.1.1":
  version: 1.3.1
  resolution: "which@npm:1.3.1"
  dependencies:
    isexe: "npm:^2.0.0"
  bin:
    which: ./bin/which
  checksum: 10c0/e945a8b6bbf6821aaaef7f6e0c309d4b615ef35699576d5489b4261da9539f70393c6b2ce700ee4321c18f914ebe5644bc4631b15466ffbaad37d83151f6af59
  languageName: node
  linkType: hard

"ws@npm:^8.13.0":
  version: 8.18.3
  resolution: "ws@npm:8.18.3"
  peerDependencies:
    bufferutil: ^4.0.1
    utf-8-validate: ">=5.0.2"
  peerDependenciesMeta:
    bufferutil:
      optional: true
    utf-8-validate:
      optional: true
  checksum: 10c0/eac918213de265ef7cb3d4ca348b891a51a520d839aa51cdb8ca93d4fa7ff9f6ccb339ccee89e4075324097f0a55157c89fa3f7147bde9d8d7e90335dc087b53
  languageName: node
  linkType: hard
